
Microsoft Visual Studio Solution File, Format Version 12.00
# Visual Studio Version 17
VisualStudioVersion = 17.2.32630.192
MinimumVisualStudioVersion = 10.0.40219.1
Project("{9A19103F-16F7-4668-BE54-9A1E7A4F7556}") = "ApiCashMachine", "ApiCashMachine\ApiCashMachine.csproj", "{F77D863F-C40E-4732-9891-C9D726C5936C}"
EndProject
Project("{2150E333-8FDC-42A3-9474-1A3956D46DE8}") = "1-Api", "1-Api", "{C7806B7D-747A-4B91-BF43-A65AFA6448BE}"
EndProject
Project("{2150E333-8FDC-42A3-9474-1A3956D46DE8}") = "2-Domain", "2-Domain", "{D951C76D-A30D-4AFA-A321-AA0C197961A4}"
EndProject
Project("{2150E333-8FDC-42A3-9474-1A3956D46DE8}") = "3-InfraDemo", "3-InfraDemo", "{1890138B-42FE-4EE4-B322-770886AE7E0E}"
EndProject
Project("{2150E333-8FDC-42A3-9474-1A3956D46DE8}") = "4-IoC", "4-IoC", "{A19F90E6-5680-4C57-BD70-0D0022B98141}"
EndProject
Project("{9A19103F-16F7-4668-BE54-9A1E7A4F7556}") = "CashMachineDomain", "CashMachineDomain\CashMachineDomain.csproj", "{07CB5408-6817-44E3-811B-7F02DF8C1681}"
EndProject
Project("{9A19103F-16F7-4668-BE54-9A1E7A4F7556}") = "CashMachineLB", "CashMachineLB\CashMachineLB.csproj", "{F1D18543-E83A-45C1-B9AA-D036D4C70262}"
EndProject
Project("{9A19103F-16F7-4668-BE54-9A1E7A4F7556}") = "CashMachineIoC", "CashMachineIoC\CashMachineIoC.csproj", "{A70D58E2-7D0B-4D2B-AC09-8D7EAAC2D381}"
EndProject
Global
	GlobalSection(SolutionConfigurationPlatforms) = preSolution
		Debug|Any CPU = Debug|Any CPU
		Release|Any CPU = Release|Any CPU
	EndGlobalSection
	GlobalSection(ProjectConfigurationPlatforms) = postSolution
		{F77D863F-C40E-4732-9891-C9D726C5936C}.Debug|Any CPU.ActiveCfg = Debug|Any CPU
		{F77D863F-C40E-4732-9891-C9D726C5936C}.Debug|Any CPU.Build.0 = Debug|Any CPU
		{F77D863F-C40E-4732-9891-C9D726C5936C}.Release|Any CPU.ActiveCfg = Release|Any CPU
		{F77D863F-C40E-4732-9891-C9D726C5936C}.Release|Any CPU.Build.0 = Release|Any CPU
		{07CB5408-6817-44E3-811B-7F02DF8C1681}.Debug|Any CPU.ActiveCfg = Debug|Any CPU
		{07CB5408-6817-44E3-811B-7F02DF8C1681}.Debug|Any CPU.Build.0 = Debug|Any CPU
		{07CB5408-6817-44E3-811B-7F02DF8C1681}.Release|Any CPU.ActiveCfg = Release|Any CPU
		{07CB5408-6817-44E3-811B-7F02DF8C1681}.Release|Any CPU.Build.0 = Release|Any CPU
		{F1D18543-E83A-45C1-B9AA-D036D4C70262}.Debug|Any CPU.ActiveCfg = Debug|Any CPU
		{F1D18543-E83A-45C1-B9AA-D036D4C70262}.Debug|Any CPU.Build.0 = Debug|Any CPU
		{F1D18543-E83A-45C1-B9AA-D036D4C70262}.Release|Any CPU.ActiveCfg = Release|Any CPU
		{F1D18543-E83A-45C1-B9AA-D036D4C70262}.Release|Any CPU.Build.0 = Release|Any CPU
		{A70D58E2-7D0B-4D2B-AC09-8D7EAAC2D381}.Debug|Any CPU.ActiveCfg = Debug|Any CPU
		{A70D58E2-7D0B-4D2B-AC09-8D7EAAC2D381}.Debug|Any CPU.Build.0 = Debug|Any CPU
		{A70D58E2-7D0B-4D2B-AC09-8D7EAAC2D381}.Release|Any CPU.ActiveCfg = Release|Any CPU
		{A70D58E2-7D0B-4D2B-AC09-8D7EAAC2D381}.Release|Any CPU.Build.0 = Release|Any CPU
	EndGlobalSection
	GlobalSection(SolutionProperties) = preSolution
		HideSolutionNode = FALSE
	EndGlobalSection
	GlobalSection(NestedProjects) = preSolution
		{F77D863F-C40E-4732-9891-C9D726C5936C} = {C7806B7D-747A-4B91-BF43-A65AFA6448BE}
		{07CB5408-6817-44E3-811B-7F02DF8C1681} = {D951C76D-A30D-4AFA-A321-AA0C197961A4}
		{F1D18543-E83A-45C1-B9AA-D036D4C70262} = {1890138B-42FE-4EE4-B322-770886AE7E0E}
		{A70D58E2-7D0B-4D2B-AC09-8D7EAAC2D381} = {A19F90E6-5680-4C57-BD70-0D0022B98141}
	EndGlobalSection
	GlobalSection(ExtensibilityGlobals) = postSolution
		SolutionGuid = {0CF920A1-E564-4C9F-92F1-3B709D1439C4}
	EndGlobalSection
EndGlobal
